lockfileVersion: '9.0'

settings:
  autoInstallPeers: true
  excludeLinksFromLockfile: false

importers:

  .:
    dependencies:
      commander:
        specifier: ^15.0.0
        version: 15.0.0
      csv-parse:
        specifier: ^7.0.2
        version: 7.0.2
      json-bigint:
        specifier: ^1.0.0
        version: 1.0.0
      mermaid-ast:
        specifier: ^0.8.2
        version: 0.8.2
      papaparse:
        specifier: ^5.5.4
        version: 5.5.4

packages:

  '@chevrotain/cst-dts-gen@11.0.3':
    resolution: {integrity: sha512-BvIKpRLeS/8UbfxXxgC33xOumsacaeCKAjAeLyOn7Pcp95HiRbrpl14S+9vaZLolnbssPIUuiUd8IvgkRyt6NQ==}

  '@chevrotain/gast@11.0.3':
    resolution: {integrity: sha512-+qNfcoNk70PyS/uxmj3li5NiECO+2YKZZQMbmjTqRI3Qchu8Hig/Q9vgkHpI3alNjr7M+a2St5pw5w5F6NL5/Q==}

  '@chevrotain/regexp-to-ast@11.0.3':
    resolution: {integrity: sha512-1fMHaBZxLFvWI067AVbGJav1eRY7N8DDvYCTwGBiE/ytKBgP8azTdgyrKyWZ9Mfh09eHWb5PgTSO8wi7U824RA==}

  '@chevrotain/types@11.0.3':
    resolution: {integrity: sha512-gsiM3G8b58kZC2HaWR50gu6Y1440cHiJ+i3JUvcp/35JchYejb2+5MVeJK0iKThYpAa/P2PYFV4hoi44HD+aHQ==}

  '@chevrotain/utils@11.0.3':
    resolution: {integrity: sha512-YslZMgtJUyuMbZ+aKvfF3x1f5liK4mWNxghFRv7jqRR9C3R3fAOGTTKvxXDa2Y1s9zSbcpuO0cAxDYsc9SrXoQ==}

  '@mermaid-js/parser@0.6.3':
    resolution: {integrity: sha512-lnjOhe7zyHjc+If7yT4zoedx2vo4sHaTmtkl1+or8BRTnCtDmcTpAjpzDSfCZrshM5bCoz0GyidzadJAH1xobA==}

  bignumber.js@9.3.1:
    resolution: {integrity: sha512-Ko0uX15oIUS7wJ3Rb30Fs6SkVbLmPBAKdlm7q9+ak9bbIeFf0MwuBsQV6z7+X768/cHsfg+WlysDWJcmthjsjQ==}

  chevrotain-allstar@0.3.1:
    resolution: {integrity: sha512-b7g+y9A0v4mxCW1qUhf3BSVPg+/NvGErk/dOkrDaHA0nQIQGAtrOjlX//9OQtRlSCy+x9rfB5N8yC71lH1nvMw==}
    peerDependencies:
      chevrotain: ^11.0.0

  chevrotain@11.0.3:
    resolution: {integrity: sha512-ci2iJH6LeIkvP9eJW6gpueU8cnZhv85ELY8w8WiFtNjMHA5ad6pQLaJo9mEly/9qUyCpvqX8/POVUTf18/HFdw==}

  commander@15.0.0:
    resolution: {integrity: sha512-z67u4ZhzCL/Tydu1lJARtEZYWbWaN7oYLHbsuzocr6y4N6WZAagG3RQ4FW61V1/0+jImpj293XfrcYnd1qxtPg==}
    engines: {node: '>=22.12.0'}

  csv-parse@7.0.2:
    resolution: {integrity: sha512-uKZghv9UmPkMVLYy//KZ9HFAIJsl7wkhoEdIL0+rhuSY9pZQlhaeGEDPIe+/w7eh81MOql8Q/9+inAGWG6ZHYA==}

  json-bigint@1.0.0:
    resolution: {integrity: sha512-SiPv/8VpZuWbvLSMtTDU8hEfrZWg/mH/nV/b4o0CYbSxu1UIQPLdwKOCIyLQX+VIPO5vrLX3i8qtqFyhdPSUSQ==}

  langium@3.3.1:
    resolution: {integrity: sha512-QJv/h939gDpvT+9SiLVlY7tZC3xB2qK57v0J04Sh9wpMb6MP1q8gB21L3WIo8T5P1MSMg3Ep14L7KkDCFG3y4w==}
    engines: {node: '>=16.0.0'}

  lodash-es@4.17.21:
    resolution: {integrity: sha512-mKnC+QJ9pWVzv+C4/U3rRsHapFfHvQFoFB92e52xeyGMcX6/OlIl78je1u8vePzYZSkkogMPJ2yjxxsb89cxyw==}

  lodash-es@4.18.1:
    resolution: {integrity: sha512-J8xewKD/Gk22OZbhpOVSwcs60zhd95ESDwezOFuA3/099925PdHJ7OFHNTGtajL3AlZkykD32HykiMo+BIBI8A==}

  mermaid-ast@0.8.2:
    resolution: {integrity: sha512-uh2jEGW2IXwJZ8+BZM3cLBYy52xvopESvaiGPqE9tCoYlnroYzMmt8tjZu8bs7YkG5JOGtxqBT1fh88bbE8wVg==}
    engines: {node: '>=18.0.0'}

  papaparse@5.5.4:
    resolution: {integrity: sha512-SwzWD9gl/ElwYLCI0nUja1mFJzjq2D8ziShfNBa7zCHzkOozeOGDwHWQ+tvCzEZcewecWZ5U7kUopDnG+DFYEQ==}

  vscode-jsonrpc@8.2.0:
    resolution: {integrity: sha512-C+r0eKJUIfiDIfwJhria30+TYWPtuHJXHtI7J0YlOmKAo7ogxP20T0zxB7HZQIFhIyvoBPwWskjxrvAtfjyZfA==}
    engines: {node: '>=14.0.0'}

  vscode-languageserver-protocol@3.17.5:
    resolution: {integrity: sha512-mb1bvRJN8SVznADSGWM9u/b07H7Ecg0I3OgXDuLdn307rl/J3A9YD6/eYOssqhecL27hK1IPZAsaqh00i/Jljg==}

  vscode-languageserver-textdocument@1.0.12:
    resolution: {integrity: sha512-cxWNPesCnQCcMPeenjKKsOCKQZ/L6Tv19DTRIGuLWe32lyzWhihGVJ/rcckZXJxfdKCFvRLS3fpBIsV/ZGX4zA==}

  vscode-languageserver-types@3.17.5:
    resolution: {integrity: sha512-Ld1VelNuX9pdF39h2Hgaeb5hEZM2Z3jUrrMgWQAu82jMtZp7p3vJT3BzToKtZI7NgQssZje5o0zryOrhQvzQAg==}

  vscode-languageserver@9.0.1:
    resolution: {integrity: sha512-woByF3PDpkHFUreUa7Hos7+pUWdeWMXRd26+ZX2A8cFx6v/JPTtd4/uN0/jB6XQHYaOlHbio03NTHCqrgG5n7g==}
    hasBin: true

  vscode-uri@3.0.8:
    resolution: {integrity: sha512-AyFQ0EVmsOZOlAnxoFOGOq1SQDWAB7C6aqMGS23svWAllfOaxbuFvcT8D1i8z3Gyn8fraVeZNNmN6e9bxxXkKw==}

snapshots:

  '@chevrotain/cst-dts-gen@11.0.3':
    dependencies:
      '@chevrotain/gast': 11.0.3
      '@chevrotain/types': 11.0.3
      lodash-es: 4.17.21

  '@chevrotain/gast@11.0.3':
    dependencies:
      '@chevrotain/types': 11.0.3
      lodash-es: 4.17.21

  '@chevrotain/regexp-to-ast@11.0.3': {}

  '@chevrotain/types@11.0.3': {}

  '@chevrotain/utils@11.0.3': {}

  '@mermaid-js/parser@0.6.3':
    dependencies:
      langium: 3.3.1

  bignumber.js@9.3.1: {}

  chevrotain-allstar@0.3.1(chevrotain@11.0.3):
    dependencies:
      chevrotain: 11.0.3
      lodash-es: 4.18.1

  chevrotain@11.0.3:
    dependencies:
      '@chevrotain/cst-dts-gen': 11.0.3
      '@chevrotain/gast': 11.0.3
      '@chevrotain/regexp-to-ast': 11.0.3
      '@chevrotain/types': 11.0.3
      '@chevrotain/utils': 11.0.3
      lodash-es: 4.17.21

  commander@15.0.0: {}

  csv-parse@7.0.2: {}

  json-bigint@1.0.0:
    dependencies:
      bignumber.js: 9.3.1

  langium@3.3.1:
    dependencies:
      chevrotain: 11.0.3
      chevrotain-allstar: 0.3.1(chevrotain@11.0.3)
      vscode-languageserver: 9.0.1
      vscode-languageserver-textdocument: 1.0.12
      vscode-uri: 3.0.8

  lodash-es@4.17.21: {}

  lodash-es@4.18.1: {}

  mermaid-ast@0.8.2:
    dependencies:
      '@mermaid-js/parser': 0.6.3

  papaparse@5.5.4: {}

  vscode-jsonrpc@8.2.0: {}

  vscode-languageserver-protocol@3.17.5:
    dependencies:
      vscode-jsonrpc: 8.2.0
      vscode-languageserver-types: 3.17.5

  vscode-languageserver-textdocument@1.0.12: {}

  vscode-languageserver-types@3.17.5: {}

  vscode-languageserver@9.0.1:
    dependencies:
      vscode-languageserver-protocol: 3.17.5

  vscode-uri@3.0.8: {}
